
Microsoft Visual Studio Solution File, Format Version 12.00
# Visual Studio Version 17
VisualStudioVersion = 17.11.35327.3
MinimumVisualStudioVersion = 10.0.40219.1
Project("{FAE04EC0-301F-11D3-BF4B-00C04F79EFBC}") = "MinIO.Example", "MinIO.Example\MinIO.Example.csproj", "{CC1712E6-F577-46D1-862A-DA8DDB611C42}"
EndProject
Global
	GlobalSection(SolutionConfigurationPlatforms) = preSolution
		Debug|Any CPU = Debug|Any CPU
		Release|Any CPU = Release|Any CPU
	EndGlobalSection
	GlobalSection(ProjectConfigurationPlatforms) = postSolution
		{CC1712E6-F577-46D1-862A-DA8DDB611C42}.Debug|Any CPU.ActiveCfg = Debug|Any CPU
		{CC1712E6-F577-46D1-862A-DA8DDB611C42}.Debug|Any CPU.Build.0 = Debug|Any CPU
		{CC1712E6-F577-46D1-862A-DA8DDB611C42}.Release|Any CPU.ActiveCfg = Release|Any CPU
		{CC1712E6-F577-46D1-862A-DA8DDB611C42}.Release|Any CPU.Build.0 = Release|Any CPU
	EndGlobalSection
	GlobalSection(SolutionProperties) = preSolution
		HideSolutionNode = FALSE
	EndGlobalSection
	GlobalSection(ExtensibilityGlobals) = postSolution
		SolutionGuid = {7E35D1C0-2272-415D-A488-5E023562D716}
	EndGlobalSection
EndGlobal
